
Microsoft Visual Studio Solution File, Format Version 12.00
# Visual Studio 15
VisualStudioVersion = 15.0.27428.1
MinimumVisualStudioVersion = 10.0.40219.1
Project("{FAE04EC0-301F-11D3-BF4B-00C04F79EFBC}") = "gorselprogramlama", "gorselprogramlama\gorselprogramlama.csproj", "{36652101-E616-439E-BE1F-CD630B3F7AED}"
EndProject
Global
	GlobalSection(SolutionConfigurationPlatforms) = preSolution
		Debug|Any CPU = Debug|Any CPU
		Release|Any CPU = Release|Any CPU
	EndGlobalSection
	GlobalSection(ProjectConfigurationPlatforms) = postSolution
		{36652101-E616-439E-BE1F-CD630B3F7AED}.Debug|Any CPU.ActiveCfg = Debug|Any CPU
		{36652101-E616-439E-BE1F-CD630B3F7AED}.Debug|Any CPU.Build.0 = Debug|Any CPU
		{36652101-E616-439E-BE1F-CD630B3F7AED}.Release|Any CPU.ActiveCfg = Release|Any CPU
		{36652101-E616-439E-BE1F-CD630B3F7AED}.Release|Any CPU.Build.0 = Release|Any CPU
	EndGlobalSection
	GlobalSection(SolutionProperties) = preSolution
		HideSolutionNode = FALSE
	EndGlobalSection
	GlobalSection(ExtensibilityGlobals) = postSolution
		SolutionGuid = {0B8F9704-5099-41A6-997C-190751F3917B}
	EndGlobalSection
EndGlobal
